// !$*UTF8*$!
{
	archiveVersion = 1;
	classes = {
	};
	objectVersion = 77;
	objects = {

/* Begin PBXBuildFile section */
		9B81BED72FDFA98300B87528 /* ImagePicker.swift in Sources */ = {isa = PBXBuildFile; fileRef = 9B81BED62FDFA98300B87528 /* ImagePicker.swift */; };
		9B8354E82FD678F800833D94 /* HomeView.swift in Sources */ = {isa = PBXBuildFile; fileRef = 9B8354E72FD678F800833D94 /* HomeView.swift */; };
		9B8354EA2FD6790300833D94 /* ItemListView.swift in Sources */ = {isa = PBXBuildFile; fileRef = 9B8354E92FD6790300833D94 /* ItemListView.swift */; };
		9B8354EC2FD6791200833D94 /* ItemCardView.swift in Sources */ = {isa = PBXBuildFile; fileRef = 9B8354EB2FD6791200833D94 /* ItemCardView.swift */; };
		9B8354EE2FD6792400833D94 /* ItemDetailView.swift in Sources */ = {isa = PBXBuildFile; fileRef = 9B8354ED2FD6792400833D94 /* ItemDetailView.swift */; };
		9B8354F02FD6793600833D94 /* ResultsView.swift in Sources */ = {isa = PBXBuildFile; fileRef = 9B8354EF2FD6793600833D94 /* ResultsView.swift */; };
		9B8354F32FD6797400833D94 /* HuntCardModifier.swift in Sources */ = {isa = PBXBuildFile; fileRef = 9B8354F22FD6797400833D94 /* HuntCardModifier.swift */; };
/* End PBXBuildFile section */

/* Begin PBXContainerItemProxy section */
		9B8354B92FD6376000833D94 /* PBXContainerItemProxy */ = {
			isa = PBXContainerItemProxy;
			containerPortal = 9B8354A32FD6375F00833D94 /* Project object */;
			proxyType = 1;
			remoteGlobalIDString = 9B8354AA2FD6375F00833D94;
			remoteInfo = iOSApp2;
		};
		9B8354C32FD6376000833D94 /* PBXContainerItemProxy */ = {
			isa = PBXContainerItemProxy;
			containerPortal = 9B8354A32FD6375F00833D94 /* Project object */;
			proxyType = 1;
			remoteGlobalIDString = 9B8354AA2FD6375F00833D94;
			remoteInfo = iOSApp2;
		};
/* End PBXContainerItemProxy section */

/* Begin PBXFileReference section */
		9B81BED62FDFA98300B87528 /* ImagePicker.swift */ = {isa = PBXFileReference; lastKnownFileType = sourcecode.swift; path = ImagePicker.swift; sourceTree = "<group>"; };
		9B8354AB2FD6375F00833D94 /* iOSApp2.app */ = {isa = PBXFileReference; explicitFileType = wrapper.application; includeInIndex = 0; path = iOSApp2.app; sourceTree = BUILT_PRODUCTS_DIR; };
		9B8354B82FD6376000833D94 /* iOSApp2Tests.xctest */ = {isa = PBXFileReference; explicitFileType = wrapper.cfbundle; includeInIndex = 0; path = iOSApp2Tests.xctest; sourceTree = BUILT_PRODUCTS_DIR; };
		9B8354C22FD6376000833D94 /* iOSApp2UITests.xctest */ = {isa = PBXFileReference; explicitFileType = wrapper.cfbundle; includeInIndex = 0; path = iOSApp2UITests.xctest; sourceTree = BUILT_PRODUCTS_DIR; };
		9B8354E72FD678F800833D94 /* HomeView.swift */ = {isa = PBXFileReference; lastKnownFileType = sourcecode.swift; path = HomeView.swift; sourceTree = "<group>"; };
		9B8354E92FD6790300833D94 /* ItemListView.swift */ = {isa = PBXFileReference; lastKnownFileType = sourcecode.swift; path = ItemListView.swift; sourceTree = "<group>"; };
		9B8354EB2FD6791200833D94 /* ItemCardView.swift */ = {isa = PBXFileReference; lastKnownFileType = sourcecode.swift; path = ItemCardView.swift; sourceTree = "<group>"; };
		9B8354ED2FD6792400833D94 /* ItemDetailView.swift */ = {isa = PBXFileReference; lastKnownFileType = sourcecode.swift; path = ItemDetailView.swift; sourceTree = "<group>"; };
		9B8354EF2FD6793600833D94 /* ResultsView.swift */ = {isa = PBXFileReference; lastKnownFileType = sourcecode.swift; path = ResultsView.swift; sourceTree = "<group>"; };
		9B8354F22FD6797400833D94 /* HuntCardModifier.swift */ = {isa = PBXFileReference; lastKnownFileType = sourcecode.swift; path = HuntCardModifier.swift; sourceTree = "<group>"; };
/* End PBXFileReference section */

/* Begin PBXFileSystemSynchronizedRootGroup section */
		9B8354AD2FD6375F00833D94 /* iOSApp2 */ = {
			isa = PBXFileSystemSynchronizedRootGroup;
			path = iOSApp2;
			sourceTree = "<group>";
		};
		9B8354BB2FD6376000833D94 /* iOSApp2Tests */ = {
			isa = PBXFileSystemSynchronizedRootGroup;
			path = iOSApp2Tests;
			sourceTree = "<group>";
		};
		9B8354C52FD6376000833D94 /* iOSApp2UITests */ = {
			isa = PBXFileSystemSynchronizedRootGroup;
			path = iOSApp2UITests;
			sourceTree = "<group>";
		};
		9B8354D82FD6784B00833D94 /* Models */ = {
			isa = PBXFileSystemSynchronizedRootGroup;
			path = Models;
			sourceTree = "<group>";
		};
		9B8354E42FD678A400833D94 /* Managers */ = {
			isa = PBXFileSystemSynchronizedRootGroup;
			path = Managers;
			sourceTree = "<group>";
		};
/* End PBXFileSystemSynchronizedRootGroup section */

/* Begin PBXFrameworksBuildPhase section */
		9B8354A82FD6375F00833D94 /* Frameworks */ = {
			isa = PBXFrameworksBuildPhase;
			buildActionMask = 2147483647;
			files = (
			);
			runOnlyForDeploymentPostprocessing = 0;
		};
		9B8354B52FD6376000833D94 /* Frameworks */ = {
			isa = PBXFrameworksBuildPhase;
			buildActionMask = 2147483647;
			files = (
			);
			runOnlyForDeploymentPostprocessing = 0;
		};
		9B8354BF2FD6376000833D94 /* Frameworks */ = {
			isa = PBXFrameworksBuildPhase;
			buildActionMask = 2147483647;
			files = (
			);
			runOnlyForDeploymentPostprocessing = 0;
		};
/* End PBXFrameworksBuildPhase section */

/* Begin PBXGroup section */
		9B8354A22FD6375F00833D94 = {
			isa = PBXGroup;
			children = (
				9B8354AD2FD6375F00833D94 /* iOSApp2 */,
				9B8354BB2FD6376000833D94 /* iOSApp2Tests */,
				9B8354C52FD6376000833D94 /* iOSApp2UITests */,
				9B8354AC2FD6375F00833D94 /* Products */,
				9B8354E42FD678A400833D94 /* Managers */,
				9B8354D82FD6784B00833D94 /* Models */,
				9B8354E62FD678BD00833D94 /* Views */,
				9B8354F12FD6795600833D94 /* Modifiers */,
			);
			sourceTree = "<group>";
		};
		9B8354AC2FD6375F00833D94 /* Products */ = {
			isa = PBXGroup;
			children = (
				9B8354AB2FD6375F00833D94 /* iOSApp2.app */,
				9B8354B82FD6376000833D94 /* iOSApp2Tests.xctest */,
				9B8354C22FD6376000833D94 /* iOSApp2UITests.xctest */,
			);
			name = Products;
			sourceTree = "<group>";
		};
		9B8354E62FD678BD00833D94 /* Views */ = {
			isa = PBXGroup;
			children = (
				9B8354E72FD678F800833D94 /* HomeView.swift */,
				9B8354E92FD6790300833D94 /* ItemListView.swift */,
				9B8354EB2FD6791200833D94 /* ItemCardView.swift */,
				9B8354ED2FD6792400833D94 /* ItemDetailView.swift */,
				9B8354EF2FD6793600833D94 /* ResultsView.swift */,
				9B81BED62FDFA98300B87528 /* ImagePicker.swift */,
			);
			path = Views;
			sourceTree = "<group>";
		};
		9B8354F12FD6795600833D94 /* Modifiers */ = {
			isa = PBXGroup;
			children = (
				9B8354F22FD6797400833D94 /* HuntCardModifier.swift */,
			);
			path = Modifiers;
			sourceTree = "<group>";
		};
/* End PBXGroup section */

/* Begin PBXNativeTarget section */
		9B8354AA2FD6375F00833D94 /* iOSApp2 */ = {
			isa = PBXNativeTarget;
			buildConfigurationList = 9B8354CC2FD6376000833D94 /* Build configuration list for PBXNativeTarget "iOSApp2" */;
			buildPhases = (
				9B8354A72FD6375F00833D94 /* Sources */,
				9B8354A82FD6375F00833D94 /* Frameworks */,
				9B8354A92FD6375F00833D94 /* Resources */,
			);
			buildRules = (
			);
			dependencies = (
			);
			fileSystemSynchronizedGroups = (
				9B8354AD2FD6375F00833D94 /* iOSApp2 */,
				9B8354D82FD6784B00833D94 /* Models */,
				9B8354E42FD678A400833D94 /* Managers */,
			);
			name = iOSApp2;
			packageProductDependencies = (
			);
			productName = iOSApp2;
			productReference = 9B8354AB2FD6375F00833D94 /* iOSApp2.app */;
			productType = "com.apple.product-type.application";
		};
		9B8354B72FD6376000833D94 /* iOSApp2Tests */ = {
			isa = PBXNativeTarget;
			buildConfigurationList = 9B8354CF2FD6376000833D94 /* Build configuration list for PBXNativeTarget "iOSApp2Tests" */;
			buildPhases = (
				9B8354B42FD6376000833D94 /* Sources */,
				9B8354B52FD6376000833D94 /* Frameworks */,
				9B8354B62FD6376000833D94 /* Resources */,
			);
			buildRules = (
			);
			dependencies = (
				9B8354BA2FD6376000833D94 /* PBXTargetDependency */,
			);
			fileSystemSynchronizedGroups = (
				9B8354BB2FD6376000833D94 /* iOSApp2Tests */,
			);
			name = iOSApp2Tests;
			packageProductDependencies = (
			);
			productName = iOSApp2Tests;
			productReference = 9B8354B82FD6376000833D94 /* iOSApp2Tests.xctest */;
			productType = "com.apple.product-type.bundle.unit-test";
		};
		9B8354C12FD6376000833D94 /* iOSApp2UITests */ = {
			isa = PBXNativeTarget;
			buildConfigurationList = 9B8354D22FD6376000833D94 /* Build configuration list for PBXNativeTarget "iOSApp2UITests" */;
			buildPhases = (
				9B8354BE2FD6376000833D94 /* Sources */,
				9B8354BF2FD6376000833D94 /* Frameworks */,
				9B8354C02FD6376000833D94 /* Resources */,
			);
			buildRules = (
			);
			dependencies = (
				9B8354C42FD6376000833D94 /* PBXTargetDependency */,
			);
			fileSystemSynchronizedGroups = (
				9B8354C52FD6376000833D94 /* iOSApp2UITests */,
			);
			name = iOSApp2UITests;
			packageProductDependencies = (
			);
			productName = iOSApp2UITests;
			productReference = 9B8354C22FD6376000833D94 /* iOSApp2UITests.xctest */;
			productType = "com.apple.product-type.bundle.ui-testing";
		};
/* End PBXNativeTarget section */

/* Begin PBXProject section */
		9B8354A32FD6375F00833D94 /* Project object */ = {
			isa = PBXProject;
			attributes = {
				BuildIndependentTargetsInParallel = 1;
				LastSwiftUpdateCheck = 2640;
				LastUpgradeCheck = 2640;
				TargetAttributes = {
					9B8354AA2FD6375F00833D94 = {
						CreatedOnToolsVersion = 26.4.1;
					};
					9B8354B72FD6376000833D94 = {
						CreatedOnToolsVersion = 26.4.1;
						TestTargetID = 9B8354AA2FD6375F00833D94;
					};
					9B8354C12FD6376000833D94 = {
						CreatedOnToolsVersion = 26.4.1;
						TestTargetID = 9B8354AA2FD6375F00833D94;
					};
				};
			};
			buildConfigurationList = 9B8354A62FD6375F00833D94 /* Build configuration list for PBXProject "iOSApp2" */;
			developmentRegion = en;
			hasScannedForEncodings = 0;
			knownRegions = (
				en,
				Base,
			);
			mainGroup = 9B8354A22FD6375F00833D94;
			minimizedProjectReferenceProxies = 1;
			preferredProjectObjectVersion = 77;
			productRefGroup = 9B8354AC2FD6375F00833D94 /* Products */;
			projectDirPath = "";
			projectRoot = "";
			targets = (
				9B8354AA2FD6375F00833D94 /* iOSApp2 */,
				9B8354B72FD6376000833D94 /* iOSApp2Tests */,
				9B8354C12FD6376000833D94 /* iOSApp2UITests */,
			);
		};
/* End PBXProject section */

/* Begin PBXResourcesBuildPhase section */
		9B8354A92FD6375F00833D94 /* Resources */ = {
			isa = PBXResourcesBuildPhase;
			buildActionMask = 2147483647;
			files = (
			);
			runOnlyForDeploymentPostprocessing = 0;
		};
		9B8354B62FD6376000833D94 /* Resources */ = {
			isa = PBXResourcesBuildPhase;
			buildActionMask = 2147483647;
			files = (
			);
			runOnlyForDeploymentPostprocessing = 0;
		};
		9B8354C02FD6376000833D94 /* Resources */ = {
			isa = PBXResourcesBuildPhase;
			buildActionMask = 2147483647;
			files = (
			);
			runOnlyForDeploymentPostprocessing = 0;
		};
/* End PBXResourcesBuildPhase section */

/* Begin PBXSourcesBuildPhase section */
		9B8354A72FD6375F00833D94 /* Sources */ = {
			isa = PBXSourcesBuildPhase;
			buildActionMask = 2147483647;
			files = (
				9B8354EC2FD6791200833D94 /* ItemCardView.swift in Sources */,
				9B8354F02FD6793600833D94 /* ResultsView.swift in Sources */,
				9B8354EE2FD6792400833D94 /* ItemDetailView.swift in Sources */,
				9B8354F32FD6797400833D94 /* HuntCardModifier.swift in Sources */,
				9B81BED72FDFA98300B87528 /* ImagePicker.swift in Sources */,
				9B8354E82FD678F800833D94 /* HomeView.swift in Sources */,
				9B8354EA2FD6790300833D94 /* ItemListView.swift in Sources */,
			);
			runOnlyForDeploymentPostprocessing = 0;
		};
		9B8354B42FD6376000833D94 /* Sources */ = {
			isa = PBXSourcesBuildPhase;
			buildActionMask = 2147483647;
			files = (
			);
			runOnlyForDeploymentPostprocessing = 0;
		};
		9B8354BE2FD6376000833D94 /* Sources */ = {
			isa = PBXSourcesBuildPhase;
			buildActionMask = 2147483647;
			files = (
			);
			runOnlyForDeploymentPostprocessing = 0;
		};
/* End PBXSourcesBuildPhase section */

/* Begin PBXTargetDependency section */
		9B8354BA2FD6376000833D94 /* PBXTargetDependency */ = {
			isa = PBXTargetDependency;
			target = 9B8354AA2FD6375F00833D94 /* iOSApp2 */;
			targetProxy = 9B8354B92FD6376000833D94 /* PBXContainerItemProxy */;
		};
		9B8354C42FD6376000833D94 /* PBXTargetDependency */ = {
			isa = PBXTargetDependency;
			target = 9B8354AA2FD6375F00833D94 /* iOSApp2 */;
			targetProxy = 9B8354C32FD6376000833D94 /* PBXContainerItemProxy */;
		};
/* End PBXTargetDependency section */

/* Begin XCBuildConfiguration section */
		9B8354CA2FD6376000833D94 /* Debug */ = {
			isa = XCBuildConfiguration;
			buildSettings = {
				ALWAYS_SEARCH_USER_PATHS = NO;
				ASSETCATALOG_COMPILER_GENERATE_SWIFT_ASSET_SYMBOL_EXTENSIONS = YES;
				CLANG_ANALYZER_NONNULL = YES;
				CLANG_ANALYZER_NUMBER_OBJECT_CONVERSION = YES_AGGRESSIVE;
				CLANG_CXX_LANGUAGE_STANDARD = "gnu++20";
				CLANG_ENABLE_MODULES = YES;
				CLANG_ENABLE_OBJC_ARC = YES;
				CLANG_ENABLE_OBJC_WEAK = YES;
				CLANG_WARN_BLOCK_CAPTURE_AUTORELEASING = YES;
				CLANG_WARN_BOOL_CONVERSION = YES;
				CLANG_WARN_COMMA = YES;
				CLANG_WARN_CONSTANT_CONVERSION = YES;
				CLANG_WARN_DEPRECATED_OBJC_IMPLEMENTATIONS = YES;
				CLANG_WARN_DIRECT_OBJC_ISA_USAGE = YES_ERROR;
				CLANG_WARN_DOCUMENTATION_COMMENTS = YES;
				CLANG_WARN_EMPTY_BODY = YES;
				CLANG_WARN_ENUM_CONVERSION = YES;
				CLANG_WARN_INFINITE_RECURSION = YES;
				CLANG_WARN_INT_CONVERSION = YES;
				CLANG_WARN_NON_LITERAL_NULL_CONVERSION = YES;
				CLANG_WARN_OBJC_IMPLICIT_RETAIN_SELF = YES;
				CLANG_WARN_OBJC_LITERAL_CONVERSION = YES;
				CLANG_WARN_OBJC_ROOT_CLASS = YES_ERROR;
				CLANG_WARN_QUOTED_INCLUDE_IN_FRAMEWORK_HEADER = YES;
				CLANG_WARN_RANGE_LOOP_ANALYSIS = YES;
				CLANG_WARN_STRICT_PROTOTYPES = YES;
				CLANG_WARN_SUSPICIOUS_MOVE = YES;
				CLANG_WARN_UNGUARDED_AVAILABILITY = YES_AGGRESSIVE;
				CLANG_WARN_UNREACHABLE_CODE = YES;
				CLANG_WARN__DUPLICATE_METHOD_MATCH = YES;
				COPY_PHASE_STRIP = NO;
				DEBUG_INFORMATION_FORMAT = dwarf;
				DEVELOPMENT_TEAM = 8YGZ92V4WK;
				ENABLE_STRICT_OBJC_MSGSEND = YES;
				ENABLE_TESTABILITY = YES;
				ENABLE_USER_SCRIPT_SANDBOXING = YES;
				GCC_C_LANGUAGE_STANDARD = gnu17;
				GCC_DYNAMIC_NO_PIC = NO;
				GCC_NO_COMMON_BLOCKS = YES;
				GCC_OPTIMIZATION_LEVEL = 0;
				GCC_PREPROCESSOR_DEFINITIONS = (
					"DEBUG=1",
					"$(inherited)",
				);
				GCC_WARN_64_TO_32_BIT_CONVERSION = YES;
				GCC_WARN_ABOUT_RETURN_TYPE = YES_ERROR;
				GCC_WARN_UNDECLARED_SELECTOR = YES;
				GCC_WARN_UNINITIALIZED_AUTOS = YES_AGGRESSIVE;
				GCC_WARN_UNUSED_FUNCTION = YES;
				GCC_WARN_UNUSED_VARIABLE = YES;
				IPHONEOS_DEPLOYMENT_TARGET = 26.4;
				LOCALIZATION_PREFERS_STRING_CATALOGS = YES;
				MTL_ENABLE_DEBUG_INFO = INCLUDE_SOURCE;
				MTL_FAST_MATH = YES;
				ONLY_ACTIVE_ARCH = YES;
				SDKROOT = iphoneos;
				SWIFT_ACTIVE_COMPILATION_CONDITIONS = "DEBUG $(inherited)";
				SWIFT_OPTIMIZATION_LEVEL = "-Onone";
			};
			name = Debug;
		};
		9B8354CB2FD6376000833D94 /* Release */ = {
			isa = XCBuildConfiguration;
			buildSettings = {
				ALWAYS_SEARCH_USER_PATHS = NO;
				ASSETCATALOG_COMPILER_GENERATE_SWIFT_ASSET_SYMBOL_EXTENSIONS = YES;
				CLANG_ANALYZER_NONNULL = YES;
				CLANG_ANALYZER_NUMBER_OBJECT_CONVERSION = YES_AGGRESSIVE;
				CLANG_CXX_LANGUAGE_STANDARD = "gnu++20";
				CLANG_ENABLE_MODULES = YES;
				CLANG_ENABLE_OBJC_ARC = YES;
				CLANG_ENABLE_OBJC_WEAK = YES;
				CLANG_WARN_BLOCK_CAPTURE_AUTORELEASING = YES;
				CLANG_WARN_BOOL_CONVERSION = YES;
				CLANG_WARN_COMMA = YES;
				CLANG_WARN_CONSTANT_CONVERSION = YES;
				CLANG_WARN_DEPRECATED_OBJC_IMPLEMENTATIONS = YES;
				CLANG_WARN_DIRECT_OBJC_ISA_USAGE = YES_ERROR;
				CLANG_WARN_DOCUMENTATION_COMMENTS = YES;
				CLANG_WARN_EMPTY_BODY = YES;
				CLANG_WARN_ENUM_CONVERSION = YES;
				CLANG_WARN_INFINITE_RECURSION = YES;
				CLANG_WARN_INT_CONVERSION = YES;
				CLANG_WARN_NON_LITERAL_NULL_CONVERSION = YES;
				CLANG_WARN_OBJC_IMPLICIT_RETAIN_SELF = YES;
				CLANG_WARN_OBJC_LITERAL_CONVERSION = YES;
				CLANG_WARN_OBJC_ROOT_CLASS = YES_ERROR;
				CLANG_WARN_QUOTED_INCLUDE_IN_FRAMEWORK_HEADER = YES;
				CLANG_WARN_RANGE_LOOP_ANALYSIS = YES;
				CLANG_WARN_STRICT_PROTOTYPES = YES;
				CLANG_WARN_SUSPICIOUS_MOVE = YES;
				CLANG_WARN_UNGUARDED_AVAILABILITY = YES_AGGRESSIVE;
				CLANG_WARN_UNREACHABLE_CODE = YES;
				CLANG_WARN__DUPLICATE_METHOD_MATCH = YES;
				COPY_PHASE_STRIP = NO;
				DEBUG_INFORMATION_FORMAT = "dwarf-with-dsym";
				DEVELOPMENT_TEAM = 8YGZ92V4WK;
				ENABLE_NS_ASSERTIONS = NO;
				ENABLE_STRICT_OBJC_MSGSEND = YES;
				ENABLE_USER_SCRIPT_SANDBOXING = YES;
				GCC_C_LANGUAGE_STANDARD = gnu17;
				GCC_NO_COMMON_BLOCKS = YES;
				GCC_WARN_64_TO_32_BIT_CONVERSION = YES;
				GCC_WARN_ABOUT_RETURN_TYPE = YES_ERROR;
				GCC_WARN_UNDECLARED_SELECTOR = YES;
				GCC_WARN_UNINITIALIZED_AUTOS = YES_AGGRESSIVE;
				GCC_WARN_UNUSED_FUNCTION = YES;
				GCC_WARN_UNUSED_VARIABLE = YES;
				IPHONEOS_DEPLOYMENT_TARGET = 26.4;
				LOCALIZATION_PREFERS_STRING_CATALOGS = YES;
				MTL_ENABLE_DEBUG_INFO = NO;
				MTL_FAST_MATH = YES;
				SDKROOT = iphoneos;
				SWIFT_COMPILATION_MODE = wholemodule;
				VALIDATE_PRODUCT = YES;
			};
			name = Release;
		};
		9B8354CD2FD6376000833D94 /* Debug */ = {
			isa = XCBuildConfiguration;
			buildSettings = {
				ASSETCATALOG_COMPILER_APPICON_NAME = AppIcon;
				ASSETCATALOG_COMPILER_GLOBAL_ACCENT_COLOR_NAME = AccentColor;
				CODE_SIGN_STYLE = Automatic;
				CURRENT_PROJECT_VERSION = 1;
				DEVELOPMENT_TEAM = 8YGZ92V4WK;
				ENABLE_PREVIEWS = YES;
				GENERATE_INFOPLIST_FILE = YES;
				INFOPLIST_KEY_NSCameraUsageDescription = "This app uses the camera so you can photograph the items you find during the scavenger hunt.";
				INFOPLIST_KEY_UIApplicationSceneManifest_Generation = YES;
				INFOPLIST_KEY_UIApplicationSupportsIndirectInputEvents = YES;
				INFOPLIST_KEY_UILaunchScreen_Generation = YES;
				INFOPLIST_KEY_UISupportedInterfaceOrientations_iPad = "UIInterfaceOrientationPortrait UIInterfaceOrientationPortraitUpsideDown UIInterfaceOrientationLandscapeLeft UIInterfaceOrientationLandscapeRight";
				INFOPLIST_KEY_UISupportedInterfaceOrientations_iPhone = "UIInterfaceOrientationPortrait UIInterfaceOrientationLandscapeLeft UIInterfaceOrientationLandscapeRight";
				LD_RUNPATH_SEARCH_PATHS = (
					"$(inherited)",
					"@executable_path/Frameworks",
				);
				MARKETING_VERSION = 1.0;
				PRODUCT_BUNDLE_IDENTIFIER = com.trios2026zt.iOSApp2;
				PRODUCT_NAME = "$(TARGET_NAME)";
				STRING_CATALOG_GENERATE_SYMBOLS = YES;
				SWIFT_APPROACHABLE_CONCURRENCY = YES;
				SWIFT_DEFAULT_ACTOR_ISOLATION = MainActor;
				SWIFT_EMIT_LOC_STRINGS = YES;
				SWIFT_UPCOMING_FEATURE_MEMBER_IMPORT_VISIBILITY = YES;
				SWIFT_VERSION = 5.0;
				TARGETED_DEVICE_FAMILY = "1,2";
			};
			name = Debug;
		};
		9B8354CE2FD6376000833D94 /* Release */ = {
			isa = XCBuildConfiguration;
			buildSettings = {
				ASSETCATALOG_COMPILER_APPICON_NAME = AppIcon;
				ASSETCATALOG_COMPILER_GLOBAL_ACCENT_COLOR_NAME = AccentColor;
				CODE_SIGN_STYLE = Automatic;
				CURRENT_PROJECT_VERSION = 1;
				DEVELOPMENT_TEAM = 8YGZ92V4WK;
				ENABLE_PREVIEWS = YES;
				GENERATE_INFOPLIST_FILE = YES;
				INFOPLIST_KEY_NSCameraUsageDescription = "This app uses the camera so you can photograph the items you find during the scavenger hunt.";
				INFOPLIST_KEY_UIApplicationSceneManifest_Generation = YES;
				INFOPLIST_KEY_UIApplicationSupportsIndirectInputEvents = YES;
				INFOPLIST_KEY_UILaunchScreen_Generation = YES;
				INFOPLIST_KEY_UISupportedInterfaceOrientations_iPad = "UIInterfaceOrientationPortrait UIInterfaceOrientationPortraitUpsideDown UIInterfaceOrientationLandscapeLeft UIInterfaceOrientationLandscapeRight";
				INFOPLIST_KEY_UISupportedInterfaceOrientations_iPhone = "UIInterfaceOrientationPortrait UIInterfaceOrientationLandscapeLeft UIInterfaceOrientationLandscapeRight";
				LD_RUNPATH_SEARCH_PATHS = (
					"$(inherited)",
					"@executable_path/Frameworks",
				);
				MARKETING_VERSION = 1.0;
				PRODUCT_BUNDLE_IDENTIFIER = com.trios2026zt.iOSApp2;
				PRODUCT_NAME = "$(TARGET_NAME)";
				STRING_CATALOG_GENERATE_SYMBOLS = YES;
				SWIFT_APPROACHABLE_CONCURRENCY = YES;
				SWIFT_DEFAULT_ACTOR_ISOLATION = MainActor;
				SWIFT_EMIT_LOC_STRINGS = YES;
				SWIFT_UPCOMING_FEATURE_MEMBER_IMPORT_VISIBILITY = YES;
				SWIFT_VERSION = 5.0;
				TARGETED_DEVICE_FAMILY = "1,2";
			};
			name = Release;
		};
		9B8354D02FD6376000833D94 /* Debug */ = {
			isa = XCBuildConfiguration;
			buildSettings = {
				BUNDLE_LOADER = "$(TEST_HOST)";
				CODE_SIGN_STYLE = Automatic;
				CURRENT_PROJECT_VERSION = 1;
				DEVELOPMENT_TEAM = 8YGZ92V4WK;
				GENERATE_INFOPLIST_FILE = YES;
				IPHONEOS_DEPLOYMENT_TARGET = 26.4;
				MARKETING_VERSION = 1.0;
				PRODUCT_BUNDLE_IDENTIFIER = com.trios2026zt.iOSApp2Tests;
				PRODUCT_NAME = "$(TARGET_NAME)";
				STRING_CATALOG_GENERATE_SYMBOLS = NO;
				SWIFT_APPROACHABLE_CONCURRENCY = YES;
				SWIFT_EMIT_LOC_STRINGS = NO;
				SWIFT_UPCOMING_FEATURE_MEMBER_IMPORT_VISIBILITY = YES;
				SWIFT_VERSION = 5.0;
				TARGETED_DEVICE_FAMILY = "1,2";
				TEST_HOST = "$(BUILT_PRODUCTS_DIR)/iOSApp2.app/$(BUNDLE_EXECUTABLE_FOLDER_PATH)/iOSApp2";
			};
			name = Debug;
		};
		9B8354D12FD6376000833D94 /* Release */ = {
			isa = XCBuildConfiguration;
			buildSettings = {
				BUNDLE_LOADER = "$(TEST_HOST)";
				CODE_SIGN_STYLE = Automatic;
				CURRENT_PROJECT_VERSION = 1;
				DEVELOPMENT_TEAM = 8YGZ92V4WK;
				GENERATE_INFOPLIST_FILE = YES;
				IPHONEOS_DEPLOYMENT_TARGET = 26.4;
				MARKETING_VERSION = 1.0;
				PRODUCT_BUNDLE_IDENTIFIER = com.trios2026zt.iOSApp2Tests;
				PRODUCT_NAME = "$(TARGET_NAME)";
				STRING_CATALOG_GENERATE_SYMBOLS = NO;
				SWIFT_APPROACHABLE_CONCURRENCY = YES;
				SWIFT_EMIT_LOC_STRINGS = NO;
				SWIFT_UPCOMING_FEATURE_MEMBER_IMPORT_VISIBILITY = YES;
				SWIFT_VERSION = 5.0;
				TARGETED_DEVICE_FAMILY = "1,2";
				TEST_HOST = "$(BUILT_PRODUCTS_DIR)/iOSApp2.app/$(BUNDLE_EXECUTABLE_FOLDER_PATH)/iOSApp2";
			};
			name = Release;
		};
		9B8354D32FD6376000833D94 /* Debug */ = {
			isa = XCBuildConfiguration;
			buildSettings = {
				CODE_SIGN_STYLE = Automatic;
				CURRENT_PROJECT_VERSION = 1;
				DEVELOPMENT_TEAM = 8YGZ92V4WK;
				GENERATE_INFOPLIST_FILE = YES;
				MARKETING_VERSION = 1.0;
				PRODUCT_BUNDLE_IDENTIFIER = com.trios2026zt.iOSApp2UITests;
				PRODUCT_NAME = "$(TARGET_NAME)";
				STRING_CATALOG_GENERATE_SYMBOLS = NO;
				SWIFT_APPROACHABLE_CONCURRENCY = YES;
				SWIFT_EMIT_LOC_STRINGS = NO;
				SWIFT_UPCOMING_FEATURE_MEMBER_IMPORT_VISIBILITY = YES;
				SWIFT_VERSION = 5.0;
				TARGETED_DEVICE_FAMILY = "1,2";
				TEST_TARGET_NAME = iOSApp2;
			};
			name = Debug;
		};
		9B8354D42FD6376000833D94 /* Release */ = {
			isa = XCBuildConfiguration;
			buildSettings = {
				CODE_SIGN_STYLE = Automatic;
				CURRENT_PROJECT_VERSION = 1;
				DEVELOPMENT_TEAM = 8YGZ92V4WK;
				GENERATE_INFOPLIST_FILE = YES;
				MARKETING_VERSION = 1.0;
				PRODUCT_BUNDLE_IDENTIFIER = com.trios2026zt.iOSApp2UITests;
				PRODUCT_NAME = "$(TARGET_NAME)";
				STRING_CATALOG_GENERATE_SYMBOLS = NO;
				SWIFT_APPROACHABLE_CONCURRENCY = YES;
				SWIFT_EMIT_LOC_STRINGS = NO;
				SWIFT_UPCOMING_FEATURE_MEMBER_IMPORT_VISIBILITY = YES;
				SWIFT_VERSION = 5.0;
				TARGETED_DEVICE_FAMILY = "1,2";
				TEST_TARGET_NAME = iOSApp2;
			};
			name = Release;
		};
/* End XCBuildConfiguration section */

/* Begin XCConfigurationList section */
		9B8354A62FD6375F00833D94 /* Build configuration list for PBXProject "iOSApp2" */ = {
			isa = XCConfigurationList;
			buildConfigurations = (
				9B8354CA2FD6376000833D94 /* Debug */,
				9B8354CB2FD6376000833D94 /* Release */,
			);
			defaultConfigurationIsVisible = 0;
			defaultConfigurationName = Release;
		};
		9B8354CC2FD6376000833D94 /* Build configuration list for PBXNativeTarget "iOSApp2" */ = {
			isa = XCConfigurationList;
			buildConfigurations = (
				9B8354CD2FD6376000833D94 /* Debug */,
				9B8354CE2FD6376000833D94 /* Release */,
			);
			defaultConfigurationIsVisible = 0;
			defaultConfigurationName = Release;
		};
		9B8354CF2FD6376000833D94 /* Build configuration list for PBXNativeTarget "iOSApp2Tests" */ = {
			isa = XCConfigurationList;
			buildConfigurations = (
				9B8354D02FD6376000833D94 /* Debug */,
				9B8354D12FD6376000833D94 /* Release */,
			);
			defaultConfigurationIsVisible = 0;
			defaultConfigurationName = Release;
		};
		9B8354D22FD6376000833D94 /* Build configuration list for PBXNativeTarget "iOSApp2UITests" */ = {
			isa = XCConfigurationList;
			buildConfigurations = (
				9B8354D32FD6376000833D94 /* Debug */,
				9B8354D42FD6376000833D94 /* Release */,
			);
			defaultConfigurationIsVisible = 0;
			defaultConfigurationName = Release;
		};
/* End XCConfigurationList section */
	};
	rootObject = 9B8354A32FD6375F00833D94 /* Project object */;
}
